{
  "name": "rin2-notify",
  "version": "1.0.0",
  "lockfileVersion": 3,
  "requires": true,
  "packages": {
    "": {
      "name": "rin2-notify",
      "version": "1.0.0",
      "license": "MIT",
      "devDependencies": {
        "axios": "^1.1.2",
        "laravel-vite-plugin": "^0.7.2",
        "vite": "^4.4.5"
      }
    }
  }
}
